
Microsoft Visual Studio Solution File, Format Version 12.00
# Visual Studio Version 17
VisualStudioVersion = 17.5.002.0
MinimumVisualStudioVersion = 10.0.40219.1
Project("{9A19103F-16F7-4668-BE54-9A1E7A4F7556}") = "Core", "Core\Core.csproj", "{8A2BBABD-7C5F-464D-869E-A16F77F3C565}"
EndProject
Project("{9A19103F-16F7-4668-BE54-9A1E7A4F7556}") = "PlatformApi", "PlatformApi\PlatformApi.csproj", "{04484DDA-56B1-47E0-9D56-B1474DD2284A}"
EndProject
Project("{9A19103F-16F7-4668-BE54-9A1E7A4F7556}") = "Infrastructure", "Infrastructure\Infrastructure.csproj", "{E21AA413-E816-4899-9F55-72D1C00AE08C}"
EndProject
Project("{FAE04EC0-301F-11D3-BF4B-00C04F79EFBC}") = "Test", "Test\Test.csproj", "{6C1C7E47-A597-4912-8467-98283B0F3349}"
EndProject
Project("{FAE04EC0-301F-11D3-BF4B-00C04F79EFBC}") = "Functions", "Functions\Functions.csproj", "{0B4B4800-6594-481A-A6EC-57ECE92CD5AE}"
EndProject
Global
	GlobalSection(SolutionConfigurationPlatforms) = preSolution
		Debug|Any CPU = Debug|Any CPU
		Release|Any CPU = Release|Any CPU
	EndGlobalSection
	GlobalSection(ProjectConfigurationPlatforms) = postSolution
		{8A2BBABD-7C5F-464D-869E-A16F77F3C565}.Debug|Any CPU.ActiveCfg = Debug|Any CPU
		{8A2BBABD-7C5F-464D-869E-A16F77F3C565}.Debug|Any CPU.Build.0 = Debug|Any CPU
		{8A2BBABD-7C5F-464D-869E-A16F77F3C565}.Release|Any CPU.ActiveCfg = Release|Any CPU
		{8A2BBABD-7C5F-464D-869E-A16F77F3C565}.Release|Any CPU.Build.0 = Release|Any CPU
		{04484DDA-56B1-47E0-9D56-B1474DD2284A}.Debug|Any CPU.ActiveCfg = Debug|Any CPU
		{04484DDA-56B1-47E0-9D56-B1474DD2284A}.Debug|Any CPU.Build.0 = Debug|Any CPU
		{04484DDA-56B1-47E0-9D56-B1474DD2284A}.Release|Any CPU.ActiveCfg = Release|Any CPU
		{04484DDA-56B1-47E0-9D56-B1474DD2284A}.Release|Any CPU.Build.0 = Release|Any CPU
		{E21AA413-E816-4899-9F55-72D1C00AE08C}.Debug|Any CPU.ActiveCfg = Debug|Any CPU
		{E21AA413-E816-4899-9F55-72D1C00AE08C}.Debug|Any CPU.Build.0 = Debug|Any CPU
		{E21AA413-E816-4899-9F55-72D1C00AE08C}.Release|Any CPU.ActiveCfg = Release|Any CPU
		{E21AA413-E816-4899-9F55-72D1C00AE08C}.Release|Any CPU.Build.0 = Release|Any CPU
		{6C1C7E47-A597-4912-8467-98283B0F3349}.Debug|Any CPU.ActiveCfg = Debug|Any CPU
		{6C1C7E47-A597-4912-8467-98283B0F3349}.Debug|Any CPU.Build.0 = Debug|Any CPU
		{6C1C7E47-A597-4912-8467-98283B0F3349}.Release|Any CPU.ActiveCfg = Release|Any CPU
		{6C1C7E47-A597-4912-8467-98283B0F3349}.Release|Any CPU.Build.0 = Release|Any CPU
		{0B4B4800-6594-481A-A6EC-57ECE92CD5AE}.Debug|Any CPU.ActiveCfg = Debug|Any CPU
		{0B4B4800-6594-481A-A6EC-57ECE92CD5AE}.Debug|Any CPU.Build.0 = Debug|Any CPU
		{0B4B4800-6594-481A-A6EC-57ECE92CD5AE}.Release|Any CPU.ActiveCfg = Release|Any CPU
		{0B4B4800-6594-481A-A6EC-57ECE92CD5AE}.Release|Any CPU.Build.0 = Release|Any CPU
	EndGlobalSection
	GlobalSection(SolutionProperties) = preSolution
		HideSolutionNode = FALSE
	EndGlobalSection
	GlobalSection(ExtensibilityGlobals) = postSolution
		SolutionGuid = {7C31E5D7-D190-42F0-B41C-59B877A52992}
	EndGlobalSection
EndGlobal
